
Microsoft Visual Studio Solution File, Format Version 12.00
# Visual Studio 2013
VisualStudioVersion = 12.0.40629.0
MinimumVisualStudioVersion = 10.0.40219.1
Project("{FAE04EC0-301F-11D3-BF4B-00C04F79EFBC}") = "PairDemo", "PairDemo\PairDemo.csproj", "{20FDAA72-1444-4370-89C6-BF007386A866}"
EndProject
Project("{FAE04EC0-301F-11D3-BF4B-00C04F79EFBC}") = "PairTest", "PairTest\PairTest.csproj", "{2D65D51C-B836-4430-8C3E-4C090311CC69}"
EndProject
Project("{FAE04EC0-301F-11D3-BF4B-00C04F79EFBC}") = "PairFinder", "PairFinder\PairFinder.csproj", "{1C5FC0BF-6238-4936-A3E1-86E73EB12000}"
EndProject
Global
	GlobalSection(SolutionConfigurationPlatforms) = preSolution
		Debug|Any CPU = Debug|Any CPU
		Release|Any CPU = Release|Any CPU
	EndGlobalSection
	GlobalSection(ProjectConfigurationPlatforms) = postSolution
		{20FDAA72-1444-4370-89C6-BF007386A866}.Debug|Any CPU.ActiveCfg = Debug|Any CPU
		{20FDAA72-1444-4370-89C6-BF007386A866}.Debug|Any CPU.Build.0 = Debug|Any CPU
		{20FDAA72-1444-4370-89C6-BF007386A866}.Release|Any CPU.ActiveCfg = Release|Any CPU
		{20FDAA72-1444-4370-89C6-BF007386A866}.Release|Any CPU.Build.0 = Release|Any CPU
		{2D65D51C-B836-4430-8C3E-4C090311CC69}.Debug|Any CPU.ActiveCfg = Debug|Any CPU
		{2D65D51C-B836-4430-8C3E-4C090311CC69}.Debug|Any CPU.Build.0 = Debug|Any CPU
		{2D65D51C-B836-4430-8C3E-4C090311CC69}.Release|Any CPU.ActiveCfg = Release|Any CPU
		{2D65D51C-B836-4430-8C3E-4C090311CC69}.Release|Any CPU.Build.0 = Release|Any CPU
		{1C5FC0BF-6238-4936-A3E1-86E73EB12000}.Debug|Any CPU.ActiveCfg = Debug|Any CPU
		{1C5FC0BF-6238-4936-A3E1-86E73EB12000}.Debug|Any CPU.Build.0 = Debug|Any CPU
		{1C5FC0BF-6238-4936-A3E1-86E73EB12000}.Release|Any CPU.ActiveCfg = Release|Any CPU
		{1C5FC0BF-6238-4936-A3E1-86E73EB12000}.Release|Any CPU.Build.0 = Release|Any CPU
	EndGlobalSection
	GlobalSection(SolutionProperties) = preSolution
		HideSolutionNode = FALSE
	EndGlobalSection
EndGlobal
