
Microsoft Visual Studio Solution File, Format Version 12.00
# Visual Studio 2013
VisualStudioVersion = 12.0.40629.0
MinimumVisualStudioVersion = 10.0.40219.1
Project("{FAE04EC0-301F-11D3-BF4B-00C04F79EFBC}") = "QueueDemo", "QueueDemo\QueueDemo.csproj", "{F317398D-7F9E-4590-BF11-2EF8215CAABD}"
EndProject
Project("{FAE04EC0-301F-11D3-BF4B-00C04F79EFBC}") = "QueueTest", "QueueTest\QueueTest.csproj", "{D2FE481C-1480-4A2B-8AE6-A7D20EB91CB2}"
EndProject
Project("{FAE04EC0-301F-11D3-BF4B-00C04F79EFBC}") = "ConQueue", "ConQueue\ConQueue.csproj", "{B01728BD-B250-4FFE-95C8-5715A60002D9}"
EndProject
Global
	GlobalSection(SolutionConfigurationPlatforms) = preSolution
		Debug|Any CPU = Debug|Any CPU
		Release|Any CPU = Release|Any CPU
	EndGlobalSection
	GlobalSection(ProjectConfigurationPlatforms) = postSolution
		{F317398D-7F9E-4590-BF11-2EF8215CAABD}.Debug|Any CPU.ActiveCfg = Debug|Any CPU
		{F317398D-7F9E-4590-BF11-2EF8215CAABD}.Debug|Any CPU.Build.0 = Debug|Any CPU
		{F317398D-7F9E-4590-BF11-2EF8215CAABD}.Release|Any CPU.ActiveCfg = Release|Any CPU
		{F317398D-7F9E-4590-BF11-2EF8215CAABD}.Release|Any CPU.Build.0 = Release|Any CPU
		{D2FE481C-1480-4A2B-8AE6-A7D20EB91CB2}.Debug|Any CPU.ActiveCfg = Debug|Any CPU
		{D2FE481C-1480-4A2B-8AE6-A7D20EB91CB2}.Debug|Any CPU.Build.0 = Debug|Any CPU
		{D2FE481C-1480-4A2B-8AE6-A7D20EB91CB2}.Release|Any CPU.ActiveCfg = Release|Any CPU
		{D2FE481C-1480-4A2B-8AE6-A7D20EB91CB2}.Release|Any CPU.Build.0 = Release|Any CPU
		{B01728BD-B250-4FFE-95C8-5715A60002D9}.Debug|Any CPU.ActiveCfg = Debug|Any CPU
		{B01728BD-B250-4FFE-95C8-5715A60002D9}.Debug|Any CPU.Build.0 = Debug|Any CPU
		{B01728BD-B250-4FFE-95C8-5715A60002D9}.Release|Any CPU.ActiveCfg = Release|Any CPU
		{B01728BD-B250-4FFE-95C8-5715A60002D9}.Release|Any CPU.Build.0 = Release|Any CPU
	EndGlobalSection
	GlobalSection(SolutionProperties) = preSolution
		HideSolutionNode = FALSE
	EndGlobalSection
EndGlobal
